<?xml version="1.0" encoding="utf-8"?>
<Project ToolsVersion="4.0" xmlns="http://schemas.microsoft.com/developer/msbuild/2003">
  <ItemGroup>
    <Filter Include="Source Files">
      <UniqueIdentifier>{4FC737F1-C7A5-4376-A066-2A32D752A2FF}</UniqueIdentifier>
      <Extensions>cpp;c;cc;cxx;c++;def;odl;idl;hpj;bat;asm;asmx</Extensions>
    </Filter>
    <Filter Include="Header Files">
      <UniqueIdentifier>{93995380-89BD-4b04-88EB-625FBE52EBFB}</UniqueIdentifier>
      <Extensions>h;hh;hpp;hxx;h++;hm;inl;inc;ipp;xsd</Extensions>
    </Filter>
    <Filter Include="Resource Files">
      <UniqueIdentifier>{67DA6AB6-F800-4c08-8B7A-83BB121AAD01}</UniqueIdentifier>
      <Extensions>rc;ico;cur;bmp;dlg;rc2;rct;bin;rgs;gif;jpg;jpeg;jpe;resx;tiff;tif;png;wav;mfcribbon-ms</Extensions>
    </Filter>
  </ItemGroup>
  <ItemGroup>
    <ClCompile Include="..\altoparser.cpp">
      <Filter>Source Files</Filter>
    </ClCompile>
    <ClCompile Include="..\amdsecparser.cpp">
      <Filter>Source Files</Filter>
    </ClCompile>
    <ClCompile Include="..\configparser.cpp">
      <Filter>Source Files</Filter>
    </ClCompile>
    <ClCompile Include="..\dataaggregator.cpp">
      <Filter>Source Files</Filter>
    </ClCompile>
    <ClCompile Include="..\datafactory.cpp">
      <Filter>Source Files</Filter>
    </ClCompile>
    <ClCompile Include="..\datafactory_templates.cpp">
      <Filter>Source Files</Filter>
    </ClCompile>
    <ClCompile Include="..\datehelper.cpp">
      <Filter>Source Files</Filter>
    </ClCompile>
    <ClCompile Include="..\diskparser.cpp">
      <Filter>Source Files</Filter>
    </ClCompile>
    <ClCompile Include="..\dmdsecparser.cpp">
      <Filter>Source Files</Filter>
    </ClCompile>
    <ClCompile Include="..\errorhandler.cpp">
      <Filter>Source Files</Filter>
    </ClCompile>
    <ClCompile Include="..\filegroupparser.cpp">
      <Filter>Source Files</Filter>
    </ClCompile>
    <ClCompile Include="..\inventory.cpp">
      <Filter>Source Files</Filter>
    </ClCompile>
    <ClCompile Include="..\main.cpp">
      <Filter>Source Files</Filter>
    </ClCompile>
    <ClCompile Include="..\md5.cpp">
      <Filter>Source Files</Filter>
    </ClCompile>
    <ClCompile Include="..\md5wrapper.cpp">
      <Filter>Source Files</Filter>
    </ClCompile>
    <ClCompile Include="..\metsparser.cpp">
      <Filter>Source Files</Filter>
    </ClCompile>
    <ClCompile Include="..\parameterMETS.cpp">
      <Filter>Source Files</Filter>
    </ClCompile>
    <ClCompile Include="..\physLogALTO.cpp">
      <Filter>Source Files</Filter>
    </ClCompile>
    <ClCompile Include="..\schema_validatordmdsec.cpp">
      <Filter>Source Files</Filter>
    </ClCompile>
    <ClCompile Include="..\schema_validatormix.cpp">
      <Filter>Source Files</Filter>
    </ClCompile>
    <ClCompile Include="..\sha512.cpp">
      <Filter>Source Files</Filter>
    </ClCompile>
    <ClCompile Include="..\sha512wrapper.cpp">
      <Filter>Source Files</Filter>
    </ClCompile>
    <ClCompile Include="..\sql.cpp">
      <Filter>Source Files</Filter>
    </ClCompile>
    <ClCompile Include="..\structmaphysicalparser.cpp">
      <Filter>Source Files</Filter>
    </ClCompile>
    <ClCompile Include="..\structmapparser.cpp">
      <Filter>Source Files</Filter>
    </ClCompile>
    <ClCompile Include="..\titletocheck.cpp">
      <Filter>Source Files</Filter>
    </ClCompile>
    <ClCompile Include="..\transform.cpp">
      <Filter>Source Files</Filter>
    </ClCompile>
    <ClCompile Include="..\utilities.cpp">
      <Filter>Source Files</Filter>
    </ClCompile>
    <ClCompile Include="..\verifyalto.cpp">
      <Filter>Source Files</Filter>
    </ClCompile>
    <ClCompile Include="..\verifyaltoblockperpage.cpp">
      <Filter>Source Files</Filter>
    </ClCompile>
    <ClCompile Include="..\verifyblocks.cpp">
      <Filter>Source Files</Filter>
    </ClCompile>
    <ClCompile Include="..\verifyblockstructure.cpp">
      <Filter>Source Files</Filter>
    </ClCompile>
    <ClCompile Include="..\verifyBook.cpp">
      <Filter>Source Files</Filter>
    </ClCompile>
    <ClCompile Include="..\verifychecksum.cpp">
      <Filter>Source Files</Filter>
    </ClCompile>
    <ClCompile Include="..\verifycoveragepercentagealtoblocks.cpp">
      <Filter>Source Files</Filter>
    </ClCompile>
    <ClCompile Include="..\verifycutouts.cpp">
      <Filter>Source Files</Filter>
    </ClCompile>
    <ClCompile Include="..\verifydatefolder.cpp">
      <Filter>Source Files</Filter>
    </ClCompile>
    <ClCompile Include="..\verifydatemismatch.cpp">
      <Filter>Source Files</Filter>
    </ClCompile>
    <ClCompile Include="..\verifyEmptyMix.cpp">
      <Filter>Source Files</Filter>
    </ClCompile>
    <ClCompile Include="..\verifyFile.cpp">
      <Filter>Source Files</Filter>
    </ClCompile>
    <ClCompile Include="..\verifyFolder.cpp">
      <Filter>Source Files</Filter>
    </ClCompile>
    <ClCompile Include="..\verifyidentifierinmix.cpp">
      <Filter>Source Files</Filter>
    </ClCompile>
    <ClCompile Include="..\verifyinvalidissuenumber.cpp">
      <Filter>Source Files</Filter>
    </ClCompile>
    <ClCompile Include="..\verifyinvalidsupplement.cpp">
      <Filter>Source Files</Filter>
    </ClCompile>
    <ClCompile Include="..\verifyMeasurement.cpp">
      <Filter>Source Files</Filter>
    </ClCompile>
    <ClCompile Include="..\verifymissingissue.cpp">
      <Filter>Source Files</Filter>
    </ClCompile>
    <ClCompile Include="..\verifynoissuedefined.cpp">
      <Filter>Source Files</Filter>
    </ClCompile>
    <ClCompile Include="..\verifyoddspages.cpp">
      <Filter>Source Files</Filter>
    </ClCompile>
    <ClCompile Include="..\verifyPages.cpp">
      <Filter>Source Files</Filter>
    </ClCompile>
    <ClCompile Include="..\verifytitles.cpp">
      <Filter>Source Files</Filter>
    </ClCompile>
    <ClCompile Include="..\xmlparser.cpp">
      <Filter>Source Files</Filter>
    </ClCompile>
    <ClCompile Include="..\xmltostr.cpp">
      <Filter>Source Files</Filter>
    </ClCompile>
  </ItemGroup>
  <ItemGroup>
    <ClInclude Include="..\altoparser.h">
      <Filter>Header Files</Filter>
    </ClInclude>
    <ClInclude Include="..\amdsecparser.h">
      <Filter>Header Files</Filter>
    </ClInclude>
    <ClInclude Include="..\configparser.h">
      <Filter>Header Files</Filter>
    </ClInclude>
    <ClInclude Include="..\dataaggregator.h">
      <Filter>Header Files</Filter>
    </ClInclude>
    <ClInclude Include="..\datafactory.h">
      <Filter>Header Files</Filter>
    </ClInclude>
    <ClInclude Include="..\dataitem.h">
      <Filter>Header Files</Filter>
    </ClInclude>
    <ClInclude Include="..\datehelper.h">
      <Filter>Header Files</Filter>
    </ClInclude>
    <ClInclude Include="..\delegatedparser.h">
      <Filter>Header Files</Filter>
    </ClInclude>
    <ClInclude Include="..\diskparser.h">
      <Filter>Header Files</Filter>
    </ClInclude>
    <ClInclude Include="..\dmdsecparser.h">
      <Filter>Header Files</Filter>
    </ClInclude>
    <ClInclude Include="..\errorhandler.h">
      <Filter>Header Files</Filter>
    </ClInclude>
    <ClInclude Include="..\filegroupparser.h">
      <Filter>Header Files</Filter>
    </ClInclude>
    <ClInclude Include="..\inventory.h">
      <Filter>Header Files</Filter>
    </ClInclude>
    <ClInclude Include="..\md5.h">
      <Filter>Header Files</Filter>
    </ClInclude>
    <ClInclude Include="..\md5wrapper.h">
      <Filter>Header Files</Filter>
    </ClInclude>
    <ClInclude Include="..\metsparser.h">
      <Filter>Header Files</Filter>
    </ClInclude>
    <ClInclude Include="..\metsverifier.h">
      <Filter>Header Files</Filter>
    </ClInclude>
    <ClInclude Include="..\parameterMETS.h">
      <Filter>Header Files</Filter>
    </ClInclude>
    <ClInclude Include="..\physLogALTO.h">
      <Filter>Header Files</Filter>
    </ClInclude>
    <ClInclude Include="..\resource.h">
      <Filter>Header Files</Filter>
    </ClInclude>
    <ClInclude Include="..\schema_validatordmdsec.h">
      <Filter>Header Files</Filter>
    </ClInclude>
    <ClInclude Include="..\sha512.h">
      <Filter>Header Files</Filter>
    </ClInclude>
    <ClInclude Include="..\sha512wrapper.h">
      <Filter>Header Files</Filter>
    </ClInclude>
    <ClInclude Include="..\sql.h">
      <Filter>Header Files</Filter>
    </ClInclude>
    <ClInclude Include="..\structmaphysicalparser.h">
      <Filter>Header Files</Filter>
    </ClInclude>
    <ClInclude Include="..\structmapparser.h">
      <Filter>Header Files</Filter>
    </ClInclude>
    <ClInclude Include="..\titletocheck.h">
      <Filter>Header Files</Filter>
    </ClInclude>
    <ClInclude Include="..\transform.h">
      <Filter>Header Files</Filter>
    </ClInclude>
    <ClInclude Include="..\verifyalto.h">
      <Filter>Header Files</Filter>
    </ClInclude>
    <ClInclude Include="..\verifyaltoblockperpage.h">
      <Filter>Header Files</Filter>
    </ClInclude>
    <ClInclude Include="..\verifyblocks.h">
      <Filter>Header Files</Filter>
    </ClInclude>
    <ClInclude Include="..\verifyblockstructure.h">
      <Filter>Header Files</Filter>
    </ClInclude>
    <ClInclude Include="..\verifybook.h">
      <Filter>Header Files</Filter>
    </ClInclude>
    <ClInclude Include="..\verifychecksum.h">
      <Filter>Header Files</Filter>
    </ClInclude>
    <ClInclude Include="..\verifycoveragepercentagealtoblocks.h">
      <Filter>Header Files</Filter>
    </ClInclude>
    <ClInclude Include="..\verifycutouts.h">
      <Filter>Header Files</Filter>
    </ClInclude>
    <ClInclude Include="..\verifydatefolder.h">
      <Filter>Header Files</Filter>
    </ClInclude>
    <ClInclude Include="..\verifydatemismatch.h">
      <Filter>Header Files</Filter>
    </ClInclude>
    <ClInclude Include="..\verifyEmptyMix.h">
      <Filter>Header Files</Filter>
    </ClInclude>
    <ClInclude Include="..\verifyFile.h">
      <Filter>Header Files</Filter>
    </ClInclude>
    <ClInclude Include="..\verifyFolder.h">
      <Filter>Header Files</Filter>
    </ClInclude>
    <ClInclude Include="..\verifyIdentifierInMix.h">
      <Filter>Header Files</Filter>
    </ClInclude>
    <ClInclude Include="..\verifyinvalidissuenumber.h">
      <Filter>Header Files</Filter>
    </ClInclude>
    <ClInclude Include="..\verifyinvalidsupplement.h">
      <Filter>Header Files</Filter>
    </ClInclude>
    <ClInclude Include="..\verifymeasurement.h">
      <Filter>Header Files</Filter>
    </ClInclude>
    <ClInclude Include="..\verifymissingissue.h">
      <Filter>Header Files</Filter>
    </ClInclude>
    <ClInclude Include="..\verifynoissuedefined.h">
      <Filter>Header Files</Filter>
    </ClInclude>
    <ClInclude Include="..\verifyoddspages.h">
      <Filter>Header Files</Filter>
    </ClInclude>
    <ClInclude Include="..\verifyPages.h">
      <Filter>Header Files</Filter>
    </ClInclude>
    <ClInclude Include="..\verifytitles.h">
      <Filter>Header Files</Filter>
    </ClInclude>
  </ItemGroup>
  <ItemGroup>
    <Image Include="..\dos-application-icon.png">
      <Filter>Resource Files</Filter>
    </Image>
    <Image Include="..\Emoticon-Hiding-Scared-icon.png">
      <Filter>Resource Files</Filter>
    </Image>
    <Image Include="..\Emoticon-Shocked-Screaming-Scream-icon.png">
      <Filter>Resource Files</Filter>
    </Image>
    <Image Include="..\open-file-icon.png">
      <Filter>Resource Files</Filter>
    </Image>
    <Image Include="..\Sales-report-icon.png">
      <Filter>Resource Files</Filter>
    </Image>
  </ItemGroup>
  <ItemGroup>
    <ResourceCompile Include="..\metsverifier.rc">
      <Filter>Resource Files</Filter>
    </ResourceCompile>
  </ItemGroup>
</Project>